
Microsoft Visual Studio Solution File, Format Version 12.00
# Visual Studio Version 16
VisualStudioVersion = 16.0.34729.46
MinimumVisualStudioVersion = 10.0.40219.1
Project("{C9674DCB-5085-4A16-B785-4C70DD1589BD}") = "EJERCICIO_SSIS_BI", "EJERCICIO_SSIS_BI\EJERCICIO_SSIS_BI.dtproj", "{8E16AA44-4950-4FF6-8ED1-383308861104}"
EndProject
Global
	GlobalSection(SolutionConfigurationPlatforms) = preSolution
		Development|Default = Development|Default
	EndGlobalSection
	GlobalSection(ProjectConfigurationPlatforms) = postSolution
		{8E16AA44-4950-4FF6-8ED1-383308861104}.Development|Default.ActiveCfg = Development
		{8E16AA44-4950-4FF6-8ED1-383308861104}.Development|Default.Build.0 = Development
	EndGlobalSection
	GlobalSection(SolutionProperties) = preSolution
		HideSolutionNode = FALSE
	EndGlobalSection
	GlobalSection(ExtensibilityGlobals) = postSolution
		SolutionGuid = {D6ECD813-3EC8-4761-9835-819DE4A89FB2}
	EndGlobalSection
EndGlobal
